
Microsoft Visual Studio Solution File, Format Version 12.00
# Visual Studio Version 16
VisualStudioVersion = 16.0.30413.136
MinimumVisualStudioVersion = 10.0.40219.1
Project("{9A19103F-16F7-4668-BE54-9A1E7A4F7556}") = "DutchTreat", "DutchTreat.csproj", "{6B444D58-1EA4-49D1-8A0D-C1F853A695F8}"
EndProject
Global
	GlobalSection(SolutionConfigurationPlatforms) = preSolution
		Debug|Any CPU = Debug|Any CPU
		Release|Any CPU = Release|Any CPU
	EndGlobalSection
	GlobalSection(ProjectConfigurationPlatforms) = postSolution
		{6B444D58-1EA4-49D1-8A0D-C1F853A695F8}.Debug|Any CPU.ActiveCfg = Debug|Any CPU
		{6B444D58-1EA4-49D1-8A0D-C1F853A695F8}.Debug|Any CPU.Build.0 = Debug|Any CPU
		{6B444D58-1EA4-49D1-8A0D-C1F853A695F8}.Release|Any CPU.ActiveCfg = Release|Any CPU
		{6B444D58-1EA4-49D1-8A0D-C1F853A695F8}.Release|Any CPU.Build.0 = Release|Any CPU
	EndGlobalSection
	GlobalSection(SolutionProperties) = preSolution
		HideSolutionNode = FALSE
	EndGlobalSection
	GlobalSection(ExtensibilityGlobals) = postSolution
		SolutionGuid = {DA52239E-A5BD-4B0D-98B9-EBC033BEC7E2}
	EndGlobalSection
EndGlobal
